// !$*UTF8*$!
{
	archiveVersion = 1;
	classes = {
	};
	objectVersion = 46;
	objects = {

/* Begin PBXBuildFile section */
		00594B2203C89A34A308F2AA /* libPods-AddressBookSampleTests.a in Frameworks */ = {isa = PBXBuildFile; fileRef = ED06AC194D5D54EE6D7061CE /* libPods-AddressBookSampleTests.a */; };
		62137FCF0D68751166129B17 /* libPods.a in Frameworks */ = {isa = PBXBuildFile; fileRef = FF349801DE012BA93A1380AC /* libPods.a */; };
		A011EDFB1B07AF1C00D69EFF /* NSURLConnectionProvider.m in Sources */ = {isa = PBXBuildFile; fileRef = A011EDFA1B07AF1C00D69EFF /* NSURLConnectionProvider.m */; };
		A011EDFF1B07B42F00D69EFF /* AddressBookViewController.m in Sources */ = {isa = PBXBuildFile; fileRef = A011EDFE1B07B42F00D69EFF /* AddressBookViewController.m */; };
		A011EE061B07B70A00D69EFF /* AddressBookCollectionViewCell.m in Sources */ = {isa = PBXBuildFile; fileRef = A011EE051B07B70A00D69EFF /* AddressBookCollectionViewCell.m */; };
		A011EE0A1B0A222400D69EFF /* FXForms.m in Sources */ = {isa = PBXBuildFile; fileRef = A011EE091B0A222400D69EFF /* FXForms.m */; };
		A011EE0F1B0A227F00D69EFF /* AddressBookItemForm.m in Sources */ = {isa = PBXBuildFile; fileRef = A011EE0E1B0A227F00D69EFF /* AddressBookItemForm.m */; };
		A011EE121B0A23E600D69EFF /* AddressBookItemFormViewController.m in Sources */ = {isa = PBXBuildFile; fileRef = A011EE111B0A23E600D69EFF /* AddressBookItemFormViewController.m */; };
		A011EE281B0A38C700D69EFF /* NSObject+Blindside.m in Sources */ = {isa = PBXBuildFile; fileRef = A011EE271B0A38C700D69EFF /* NSObject+Blindside.m */; };
		A011EE351B0A38CD00D69EFF /* Blindside.m in Sources */ = {isa = PBXBuildFile; fileRef = A011EE2A1B0A38CD00D69EFF /* Blindside.m */; };
		A011EE361B0A38CD00D69EFF /* BSBlockProvider.m in Sources */ = {isa = PBXBuildFile; fileRef = A011EE2B1B0A38CD00D69EFF /* BSBlockProvider.m */; };
		A011EE371B0A38CD00D69EFF /* BSClassProvider.m in Sources */ = {isa = PBXBuildFile; fileRef = A011EE2C1B0A38CD00D69EFF /* BSClassProvider.m */; };
		A011EE381B0A38CD00D69EFF /* BSInitializer.m in Sources */ = {isa = PBXBuildFile; fileRef = A011EE2D1B0A38CD00D69EFF /* BSInitializer.m */; };
		A011EE391B0A38CD00D69EFF /* BSInitializerProvider.m in Sources */ = {isa = PBXBuildFile; fileRef = A011EE2E1B0A38CD00D69EFF /* BSInitializerProvider.m */; };
		A011EE3A1B0A38CD00D69EFF /* BSInjectorImpl.m in Sources */ = {isa = PBXBuildFile; fileRef = A011EE2F1B0A38CD00D69EFF /* BSInjectorImpl.m */; };
		A011EE3B1B0A38CD00D69EFF /* BSInstanceProvider.m in Sources */ = {isa = PBXBuildFile; fileRef = A011EE301B0A38CD00D69EFF /* BSInstanceProvider.m */; };
		A011EE3C1B0A38CD00D69EFF /* BSNull.m in Sources */ = {isa = PBXBuildFile; fileRef = A011EE311B0A38CD00D69EFF /* BSNull.m */; };
		A011EE3D1B0A38CD00D69EFF /* BSProperty.m in Sources */ = {isa = PBXBuildFile; fileRef = A011EE321B0A38CD00D69EFF /* BSProperty.m */; };
		A011EE3E1B0A38CD00D69EFF /* BSPropertySet.m in Sources */ = {isa = PBXBuildFile; fileRef = A011EE331B0A38CD00D69EFF /* BSPropertySet.m */; };
		A011EE3F1B0A38CD00D69EFF /* BSSingleton.m in Sources */ = {isa = PBXBuildFile; fileRef = A011EE341B0A38CD00D69EFF /* BSSingleton.m */; };
		A011EE421B0A395100D69EFF /* AddressBookModule.m in Sources */ = {isa = PBXBuildFile; fileRef = A011EE411B0A395100D69EFF /* AddressBookModule.m */; };
		A011EE461B0A3CA400D69EFF /* BlindsidedStoryboard.m in Sources */ = {isa = PBXBuildFile; fileRef = A011EE451B0A3CA400D69EFF /* BlindsidedStoryboard.m */; };
		A0423F2C1B0A41FC007C88D7 /* FetchPersonServiceSpec.mm in Sources */ = {isa = PBXBuildFile; fileRef = A0423F2B1B0A41FC007C88D7 /* FetchPersonServiceSpec.mm */; };
		A0423F2E1B0A45CE007C88D7 /* CoreData.framework in Frameworks */ = {isa = PBXBuildFile; fileRef = A0423F2D1B0A45CE007C88D7 /* CoreData.framework */; };
		A0423F301B0A478A007C88D7 /* AddressBookViewControllerSpec.mm in Sources */ = {isa = PBXBuildFile; fileRef = A0423F2F1B0A478A007C88D7 /* AddressBookViewControllerSpec.mm */; };
		A0423F381B0AA96B007C88D7 /* PersonParser.m in Sources */ = {isa = PBXBuildFile; fileRef = A0423F371B0AA96B007C88D7 /* PersonParser.m */; };
		A0423F3B1B0AACA8007C88D7 /* sampleUser.json in Resources */ = {isa = PBXBuildFile; fileRef = A0423F3A1B0AACA8007C88D7 /* sampleUser.json */; };
		A0423F421B0AAD32007C88D7 /* TestUtility.m in Sources */ = {isa = PBXBuildFile; fileRef = A0423F411B0AAD32007C88D7 /* TestUtility.m */; };
		A0423F441B0AB0D3007C88D7 /* sampleUserError.json in Resources */ = {isa = PBXBuildFile; fileRef = A0423F431B0AB0D3007C88D7 /* sampleUserError.json */; };
		A0423F491B0AB766007C88D7 /* PersonParserSpec.mm in Sources */ = {isa = PBXBuildFile; fileRef = A0423F481B0AB766007C88D7 /* PersonParserSpec.mm */; };
		A0423F551B0ABE8F007C88D7 /* TestManagedObjectContext.m in Sources */ = {isa = PBXBuildFile; fileRef = A0423F541B0ABE8F007C88D7 /* TestManagedObjectContext.m */; };
		A0DD2ECB1B0786CE00289FBB /* main.m in Sources */ = {isa = PBXBuildFile; fileRef = A0DD2ECA1B0786CE00289FBB /* main.m */; };
		A0DD2ECE1B0786CE00289FBB /* AppDelegate.m in Sources */ = {isa = PBXBuildFile; fileRef = A0DD2ECD1B0786CE00289FBB /* AppDelegate.m */; };
		A0DD2ED11B0786CE00289FBB /* AddressBookSample.xcdatamodeld in Sources */ = {isa = PBXBuildFile; fileRef = A0DD2ECF1B0786CE00289FBB /* AddressBookSample.xcdatamodeld */; };
		A0DD2ED71B0786CE00289FBB /* Main.storyboard in Resources */ = {isa = PBXBuildFile; fileRef = A0DD2ED51B0786CE00289FBB /* Main.storyboard */; };
		A0DD2ED91B0786CE00289FBB /* Images.xcassets in Resources */ = {isa = PBXBuildFile; fileRef = A0DD2ED81B0786CE00289FBB /* Images.xcassets */; };
		A0DD2EDC1B0786CE00289FBB /* LaunchScreen.xib in Resources */ = {isa = PBXBuildFile; fileRef = A0DD2EDA1B0786CE00289FBB /* LaunchScreen.xib */; };
		A0DD2EF41B07900500289FBB /* FetchPersonService.m in Sources */ = {isa = PBXBuildFile; fileRef = A0DD2EF31B07900500289FBB /* FetchPersonService.m */; };
		A0DD2EFE1B07979D00289FBB /* Person.m in Sources */ = {isa = PBXBuildFile; fileRef = A0DD2EFD1B07979D00289FBB /* Person.m */; };
/* End PBXBuildFile section */

/* Begin PBXContainerItemProxy section */
		A0DD2EE21B0786CE00289FBB /* PBXContainerItemProxy */ = {
			isa = PBXContainerItemProxy;
			containerPortal = A0DD2EBD1B0786CE00289FBB /* Project object */;
			proxyType = 1;
			remoteGlobalIDString = A0DD2EC41B0786CE00289FBB;
			remoteInfo = AddressBookSample;
		};
/* End PBXContainerItemProxy section */

/* Begin PBXFileReference section */
		322C904BF6BBA8B8BB3F73AC /* Pods.release.xcconfig */ = {isa = PBXFileReference; includeInIndex = 1; lastKnownFileType = text.xcconfig; name = Pods.release.xcconfig; path = "Pods/Target Support Files/Pods/Pods.release.xcconfig"; sourceTree = "<group>"; };
		4572962402BF02DDEAA7FC33 /* Pods-AddressBookSampleTests.debug.xcconfig */ = {isa = PBXFileReference; includeInIndex = 1; lastKnownFileType = text.xcconfig; name = "Pods-AddressBookSampleTests.debug.xcconfig"; path = "Pods/Target Support Files/Pods-AddressBookSampleTests/Pods-AddressBookSampleTests.debug.xcconfig"; sourceTree = "<group>"; };
		788BB79498B2611933B47271 /* Pods-AddressBookSampleTests.release.xcconfig */ = {isa = PBXFileReference; includeInIndex = 1; lastKnownFileType = text.xcconfig; name = "Pods-AddressBookSampleTests.release.xcconfig"; path = "Pods/Target Support Files/Pods-AddressBookSampleTests/Pods-AddressBookSampleTests.release.xcconfig"; sourceTree = "<group>"; };
		85398B25251A1729DEA644B3 /* Pods.debug.xcconfig */ = {isa = PBXFileReference; includeInIndex = 1; lastKnownFileType = text.xcconfig; name = Pods.debug.xcconfig; path = "Pods/Target Support Files/Pods/Pods.debug.xcconfig"; sourceTree = "<group>"; };
		A011EDF91B07AF1C00D69EFF /* NSURLConnectionProvider.h */ = {isa = PBXFileReference; fileEncoding = 4; lastKnownFileType = sourcecode.c.h; path = NSURLConnectionProvider.h; sourceTree = "<group>"; };
		A011EDFA1B07AF1C00D69EFF /* NSURLConnectionProvider.m */ = {isa = PBXFileReference; fileEncoding = 4; lastKnownFileType = sourcecode.c.objc; path = NSURLConnectionProvider.m; sourceTree = "<group>"; };
		A011EDFD1B07B42F00D69EFF /* AddressBookViewController.h */ = {isa = PBXFileReference; fileEncoding = 4; lastKnownFileType = sourcecode.c.h; path = AddressBookViewController.h; sourceTree = "<group>"; };
		A011EDFE1B07B42F00D69EFF /* AddressBookViewController.m */ = {isa = PBXFileReference; fileEncoding = 4; lastKnownFileType = sourcecode.c.objc; path = AddressBookViewController.m; sourceTree = "<group>"; };
		A011EE041B07B70A00D69EFF /* AddressBookCollectionViewCell.h */ = {isa = PBXFileReference; fileEncoding = 4; lastKnownFileType = sourcecode.c.h; path = AddressBookCollectionViewCell.h; sourceTree = "<group>"; };
		A011EE051B07B70A00D69EFF /* AddressBookCollectionViewCell.m */ = {isa = PBXFileReference; fileEncoding = 4; lastKnownFileType = sourcecode.c.objc; path = AddressBookCollectionViewCell.m; sourceTree = "<group>"; };
		A011EE081B0A222400D69EFF /* FXForms.h */ = {isa = PBXFileReference; fileEncoding = 4; lastKnownFileType = sourcecode.c.h; path = FXForms.h; sourceTree = "<group>"; };
		A011EE091B0A222400D69EFF /* FXForms.m */ = {isa = PBXFileReference; fileEncoding = 4; lastKnownFileType = sourcecode.c.objc; path = FXForms.m; sourceTree = "<group>"; };
		A011EE0D1B0A227F00D69EFF /* AddressBookItemForm.h */ = {isa = PBXFileReference; fileEncoding = 4; lastKnownFileType = sourcecode.c.h; path = AddressBookItemForm.h; sourceTree = "<group>"; };
		A011EE0E1B0A227F00D69EFF /* AddressBookItemForm.m */ = {isa = PBXFileReference; fileEncoding = 4; lastKnownFileType = sourcecode.c.objc; path = AddressBookItemForm.m; sourceTree = "<group>"; };
		A011EE101B0A23E600D69EFF /* AddressBookItemFormViewController.h */ = {isa = PBXFileReference; fileEncoding = 4; lastKnownFileType = sourcecode.c.h; path = AddressBookItemFormViewController.h; sourceTree = "<group>"; };
		A011EE111B0A23E600D69EFF /* AddressBookItemFormViewController.m */ = {isa = PBXFileReference; fileEncoding = 4; lastKnownFileType = sourcecode.c.objc; path = AddressBookItemFormViewController.m; sourceTree = "<group>"; };
		A011EE151B0A38C700D69EFF /* Blindside.h */ = {isa = PBXFileReference; fileEncoding = 4; lastKnownFileType = sourcecode.c.h; path = Blindside.h; sourceTree = "<group>"; };
		A011EE161B0A38C700D69EFF /* BSBinder.h */ = {isa = PBXFileReference; fileEncoding = 4; lastKnownFileType = sourcecode.c.h; path = BSBinder.h; sourceTree = "<group>"; };
		A011EE171B0A38C700D69EFF /* BSBlockProvider.h */ = {isa = PBXFileReference; fileEncoding = 4; lastKnownFileType = sourcecode.c.h; path = BSBlockProvider.h; sourceTree = "<group>"; };
		A011EE181B0A38C700D69EFF /* BSClassProvider.h */ = {isa = PBXFileReference; fileEncoding = 4; lastKnownFileType = sourcecode.c.h; path = BSClassProvider.h; sourceTree = "<group>"; };
		A011EE191B0A38C700D69EFF /* BSInitializer.h */ = {isa = PBXFileReference; fileEncoding = 4; lastKnownFileType = sourcecode.c.h; path = BSInitializer.h; sourceTree = "<group>"; };
		A011EE1A1B0A38C700D69EFF /* BSInitializerProvider.h */ = {isa = PBXFileReference; fileEncoding = 4; lastKnownFileType = sourcecode.c.h; path = BSInitializerProvider.h; sourceTree = "<group>"; };
		A011EE1B1B0A38C700D69EFF /* BSInjector.h */ = {isa = PBXFileReference; fileEncoding = 4; lastKnownFileType = sourcecode.c.h; path = BSInjector.h; sourceTree = "<group>"; };
		A011EE1C1B0A38C700D69EFF /* BSInjectorImpl.h */ = {isa = PBXFileReference; fileEncoding = 4; lastKnownFileType = sourcecode.c.h; path = BSInjectorImpl.h; sourceTree = "<group>"; };
		A011EE1D1B0A38C700D69EFF /* BSInstanceProvider.h */ = {isa = PBXFileReference; fileEncoding = 4; lastKnownFileType = sourcecode.c.h; path = BSInstanceProvider.h; sourceTree = "<group>"; };
		A011EE1E1B0A38C700D69EFF /* BSModule.h */ = {isa = PBXFileReference; fileEncoding = 4; lastKnownFileType = sourcecode.c.h; path = BSModule.h; sourceTree = "<group>"; };
		A011EE1F1B0A38C700D69EFF /* BSNull.h */ = {isa = PBXFileReference; fileEncoding = 4; lastKnownFileType = sourcecode.c.h; path = BSNull.h; sourceTree = "<group>"; };
		A011EE201B0A38C700D69EFF /* BSProperty.h */ = {isa = PBXFileReference; fileEncoding = 4; lastKnownFileType = sourcecode.c.h; path = BSProperty.h; sourceTree = "<group>"; };
		A011EE211B0A38C700D69EFF /* BSPropertySet.h */ = {isa = PBXFileReference; fileEncoding = 4; lastKnownFileType = sourcecode.c.h; path = BSPropertySet.h; sourceTree = "<group>"; };
		A011EE221B0A38C700D69EFF /* BSProvider.h */ = {isa = PBXFileReference; fileEncoding = 4; lastKnownFileType = sourcecode.c.h; path = BSProvider.h; sourceTree = "<group>"; };
		A011EE231B0A38C700D69EFF /* BSScope.h */ = {isa = PBXFileReference; fileEncoding = 4; lastKnownFileType = sourcecode.c.h; path = BSScope.h; sourceTree = "<group>"; };
		A011EE241B0A38C700D69EFF /* BSSingleton.h */ = {isa = PBXFileReference; fileEncoding = 4; lastKnownFileType = sourcecode.c.h; path = BSSingleton.h; sourceTree = "<group>"; };
		A011EE251B0A38C700D69EFF /* Header.h */ = {isa = PBXFileReference; fileEncoding = 4; lastKnownFileType = sourcecode.c.h; path = Header.h; sourceTree = "<group>"; };
		A011EE261B0A38C700D69EFF /* NSObject+Blindside.h */ = {isa = PBXFileReference; fileEncoding = 4; lastKnownFileType = sourcecode.c.h; path = "NSObject+Blindside.h"; sourceTree = "<group>"; };
		A011EE271B0A38C700D69EFF /* NSObject+Blindside.m */ = {isa = PBXFileReference; fileEncoding = 4; lastKnownFileType = sourcecode.c.objc; path = "NSObject+Blindside.m"; sourceTree = "<group>"; };
		A011EE2A1B0A38CD00D69EFF /* Blindside.m */ = {isa = PBXFileReference; fileEncoding = 4; lastKnownFileType = sourcecode.c.objc; path = Blindside.m; sourceTree = "<group>"; };
		A011EE2B1B0A38CD00D69EFF /* BSBlockProvider.m */ = {isa = PBXFileReference; fileEncoding = 4; lastKnownFileType = sourcecode.c.objc; path = BSBlockProvider.m; sourceTree = "<group>"; };
		A011EE2C1B0A38CD00D69EFF /* BSClassProvider.m */ = {isa = PBXFileReference; fileEncoding = 4; lastKnownFileType = sourcecode.c.objc; path = BSClassProvider.m; sourceTree = "<group>"; };
		A011EE2D1B0A38CD00D69EFF /* BSInitializer.m */ = {isa = PBXFileReference; fileEncoding = 4; lastKnownFileType = sourcecode.c.objc; path = BSInitializer.m; sourceTree = "<group>"; };
		A011EE2E1B0A38CD00D69EFF /* BSInitializerProvider.m */ = {isa = PBXFileReference; fileEncoding = 4; lastKnownFileType = sourcecode.c.objc; path = BSInitializerProvider.m; sourceTree = "<group>"; };
		A011EE2F1B0A38CD00D69EFF /* BSInjectorImpl.m */ = {isa = PBXFileReference; fileEncoding = 4; lastKnownFileType = sourcecode.c.objc; path = BSInjectorImpl.m; sourceTree = "<group>"; };
		A011EE301B0A38CD00D69EFF /* BSInstanceProvider.m */ = {isa = PBXFileReference; fileEncoding = 4; lastKnownFileType = sourcecode.c.objc; path = BSInstanceProvider.m; sourceTree = "<group>"; };
		A011EE311B0A38CD00D69EFF /* BSNull.m */ = {isa = PBXFileReference; fileEncoding = 4; lastKnownFileType = sourcecode.c.objc; path = BSNull.m; sourceTree = "<group>"; };
		A011EE321B0A38CD00D69EFF /* BSProperty.m */ = {isa = PBXFileReference; fileEncoding = 4; lastKnownFileType = sourcecode.c.objc; path = BSProperty.m; sourceTree = "<group>"; };
		A011EE331B0A38CD00D69EFF /* BSPropertySet.m */ = {isa = PBXFileReference; fileEncoding = 4; lastKnownFileType = sourcecode.c.objc; path = BSPropertySet.m; sourceTree = "<group>"; };
		A011EE341B0A38CD00D69EFF /* BSSingleton.m */ = {isa = PBXFileReference; fileEncoding = 4; lastKnownFileType = sourcecode.c.objc; path = BSSingleton.m; sourceTree = "<group>"; };
		A011EE401B0A395100D69EFF /* AddressBookModule.h */ = {isa = PBXFileReference; fileEncoding = 4; lastKnownFileType = sourcecode.c.h; path = AddressBookModule.h; sourceTree = "<group>"; };
		A011EE411B0A395100D69EFF /* AddressBookModule.m */ = {isa = PBXFileReference; fileEncoding = 4; lastKnownFileType = sourcecode.c.objc; path = AddressBookModule.m; sourceTree = "<group>"; };
		A011EE441B0A3CA300D69EFF /* BlindsidedStoryboard.h */ = {isa = PBXFileReference; fileEncoding = 4; lastKnownFileType = sourcecode.c.h; path = BlindsidedStoryboard.h; sourceTree = "<group>"; };
		A011EE451B0A3CA400D69EFF /* BlindsidedStoryboard.m */ = {isa = PBXFileReference; fileEncoding = 4; lastKnownFileType = sourcecode.c.objc; path = BlindsidedStoryboard.m; sourceTree = "<group>"; };
		A0423F2B1B0A41FC007C88D7 /* FetchPersonServiceSpec.mm */ = {isa = PBXFileReference; fileEncoding = 4; lastKnownFileType = sourcecode.cpp.objcpp; path = FetchPersonServiceSpec.mm; sourceTree = "<group>"; };
		A0423F2D1B0A45CE007C88D7 /* CoreData.framework */ = {isa = PBXFileReference; lastKnownFileType = wrapper.framework; name = CoreData.framework; path = System/Library/Frameworks/CoreData.framework; sourceTree = SDKROOT; };
		A0423F2F1B0A478A007C88D7 /* AddressBookViewControllerSpec.mm */ = {isa = PBXFileReference; fileEncoding = 4; lastKnownFileType = sourcecode.cpp.objcpp; path = AddressBookViewControllerSpec.mm; sourceTree = "<group>"; };
		A0423F361B0AA96B007C88D7 /* PersonParser.h */ = {isa = PBXFileReference; fileEncoding = 4; lastKnownFileType = sourcecode.c.h; path = PersonParser.h; sourceTree = "<group>"; };
		A0423F371B0AA96B007C88D7 /* PersonParser.m */ = {isa = PBXFileReference; fileEncoding = 4; lastKnownFileType = sourcecode.c.objc; path = PersonParser.m; sourceTree = "<group>"; };
		A0423F3A1B0AACA8007C88D7 /* sampleUser.json */ = {isa = PBXFileReference; fileEncoding = 4; lastKnownFileType = text.json; path = sampleUser.json; sourceTree = "<group>"; };
		A0423F401B0AAD32007C88D7 /* TestUtility.h */ = {isa = PBXFileReference; fileEncoding = 4; lastKnownFileType = sourcecode.c.h; path = TestUtility.h; sourceTree = "<group>"; };
		A0423F411B0AAD32007C88D7 /* TestUtility.m */ = {isa = PBXFileReference; fileEncoding = 4; lastKnownFileType = sourcecode.c.objc; path = TestUtility.m; sourceTree = "<group>"; };
		A0423F431B0AB0D3007C88D7 /* sampleUserError.json */ = {isa = PBXFileReference; fileEncoding = 4; lastKnownFileType = text.json; path = sampleUserError.json; sourceTree = "<group>"; };
		A0423F481B0AB766007C88D7 /* PersonParserSpec.mm */ = {isa = PBXFileReference; fileEncoding = 4; lastKnownFileType = sourcecode.cpp.objcpp; path = PersonParserSpec.mm; sourceTree = "<group>"; };
		A0423F531B0ABE8F007C88D7 /* TestManagedObjectContext.h */ = {isa = PBXFileReference; fileEncoding = 4; lastKnownFileType = sourcecode.c.h; path = TestManagedObjectContext.h; sourceTree = "<group>"; };
		A0423F541B0ABE8F007C88D7 /* TestManagedObjectContext.m */ = {isa = PBXFileReference; fileEncoding = 4; lastKnownFileType = sourcecode.c.objc; path = TestManagedObjectContext.m; sourceTree = "<group>"; };
		A0DD2EC51B0786CE00289FBB /* AddressBookSample.app */ = {isa = PBXFileReference; explicitFileType = wrapper.application; includeInIndex = 0; path = AddressBookSample.app; sourceTree = BUILT_PRODUCTS_DIR; };
		A0DD2EC91B0786CE00289FBB /* Info.plist */ = {isa = PBXFileReference; lastKnownFileType = text.plist.xml; path = Info.plist; sourceTree = "<group>"; };
		A0DD2ECA1B0786CE00289FBB /* main.m */ = {isa = PBXFileReference; lastKnownFileType = sourcecode.c.objc; path = main.m; sourceTree = "<group>"; };
		A0DD2ECC1B0786CE00289FBB /* AppDelegate.h */ = {isa = PBXFileReference; lastKnownFileType = sourcecode.c.h; path = AppDelegate.h; sourceTree = "<group>"; };
		A0DD2ECD1B0786CE00289FBB /* AppDelegate.m */ = {isa = PBXFileReference; lastKnownFileType = sourcecode.c.objc; path = AppDelegate.m; sourceTree = "<group>"; };
		A0DD2ED01B0786CE00289FBB /* AddressBookSample.xcdatamodel */ = {isa = PBXFileReference; lastKnownFileType = wrapper.xcdatamodel; path = AddressBookSample.xcdatamodel; sourceTree = "<group>"; };
		A0DD2ED61B0786CE00289FBB /* Base */ = {isa = PBXFileReference; lastKnownFileType = file.storyboard; name = Base; path = Base.lproj/Main.storyboard; sourceTree = "<group>"; };
		A0DD2ED81B0786CE00289FBB /* Images.xcassets */ = {isa = PBXFileReference; lastKnownFileType = folder.assetcatalog; path = Images.xcassets; sourceTree = "<group>"; };
		A0DD2EDB1B0786CE00289FBB /* Base */ = {isa = PBXFileReference; lastKnownFileType = file.xib; name = Base; path = Base.lproj/LaunchScreen.xib; sourceTree = "<group>"; };
		A0DD2EE11B0786CE00289FBB /* AddressBookSampleTests.xctest */ = {isa = PBXFileReference; explicitFileType = wrapper.cfbundle; includeInIndex = 0; path = AddressBookSampleTests.xctest; sourceTree = BUILT_PRODUCTS_DIR; };
		A0DD2EE61B0786CE00289FBB /* Info.plist */ = {isa = PBXFileReference; lastKnownFileType = text.plist.xml; path = Info.plist; sourceTree = "<group>"; };
		A0DD2EF21B07900500289FBB /* FetchPersonService.h */ = {isa = PBXFileReference; fileEncoding = 4; lastKnownFileType = sourcecode.c.h; path = FetchPersonService.h; sourceTree = "<group>"; };
		A0DD2EF31B07900500289FBB /* FetchPersonService.m */ = {isa = PBXFileReference; fileEncoding = 4; lastKnownFileType = sourcecode.c.objc; path = FetchPersonService.m; sourceTree = "<group>"; };
		A0DD2EFC1B07979D00289FBB /* Person.h */ = {isa = PBXFileReference; fileEncoding = 4; lastKnownFileType = sourcecode.c.h; path = Person.h; sourceTree = "<group>"; };
		A0DD2EFD1B07979D00289FBB /* Person.m */ = {isa = PBXFileReference; fileEncoding = 4; lastKnownFileType = sourcecode.c.objc; path = Person.m; sourceTree = "<group>"; };
		ED06AC194D5D54EE6D7061CE /* libPods-AddressBookSampleTests.a */ = {isa = PBXFileReference; explicitFileType = archive.ar; includeInIndex = 0; path = "libPods-AddressBookSampleTests.a"; sourceTree = BUILT_PRODUCTS_DIR; };
		FF349801DE012BA93A1380AC /* libPods.a */ = {isa = PBXFileReference; explicitFileType = archive.ar; includeInIndex = 0; path = libPods.a; sourceTree = BUILT_PRODUCTS_DIR; };
/* End PBXFileReference section */

/* Begin PBXFrameworksBuildPhase section */
		A0DD2EC21B0786CE00289FBB /* Frameworks */ = {
			isa = PBXFrameworksBuildPhase;
			buildActionMask = 2147483647;
			files = (
				62137FCF0D68751166129B17 /* libPods.a in Frameworks */,
			);
			runOnlyForDeploymentPostprocessing = 0;
		};
		A0DD2EDE1B0786CE00289FBB /* Frameworks */ = {
			isa = PBXFrameworksBuildPhase;
			buildActionMask = 2147483647;
			files = (
				A0423F2E1B0A45CE007C88D7 /* CoreData.framework in Frameworks */,
				00594B2203C89A34A308F2AA /* libPods-AddressBookSampleTests.a in Frameworks */,
			);
			runOnlyForDeploymentPostprocessing = 0;
		};
/* End PBXFrameworksBuildPhase section */

/* Begin PBXGroup section */
		47F485BE6884A007500C76BE /* Frameworks */ = {
			isa = PBXGroup;
			children = (
				A0423F2D1B0A45CE007C88D7 /* CoreData.framework */,
				FF349801DE012BA93A1380AC /* libPods.a */,
				ED06AC194D5D54EE6D7061CE /* libPods-AddressBookSampleTests.a */,
			);
			name = Frameworks;
			sourceTree = "<group>";
		};
		8A8EEF35B29EBA56A7FA9170 /* Pods */ = {
			isa = PBXGroup;
			children = (
				85398B25251A1729DEA644B3 /* Pods.debug.xcconfig */,
				322C904BF6BBA8B8BB3F73AC /* Pods.release.xcconfig */,
				4572962402BF02DDEAA7FC33 /* Pods-AddressBookSampleTests.debug.xcconfig */,
				788BB79498B2611933B47271 /* Pods-AddressBookSampleTests.release.xcconfig */,
			);
			name = Pods;
			sourceTree = "<group>";
		};
		A011EDF81B07AF0300D69EFF /* Providers */ = {
			isa = PBXGroup;
			children = (
				A011EDF91B07AF1C00D69EFF /* NSURLConnectionProvider.h */,
				A011EDFA1B07AF1C00D69EFF /* NSURLConnectionProvider.m */,
			);
			name = Providers;
			sourceTree = "<group>";
		};
		A011EDFC1B07B41200D69EFF /* ViewControllers */ = {
			isa = PBXGroup;
			children = (
				A011EDFD1B07B42F00D69EFF /* AddressBookViewController.h */,
				A011EDFE1B07B42F00D69EFF /* AddressBookViewController.m */,
				A011EE101B0A23E600D69EFF /* AddressBookItemFormViewController.h */,
				A011EE111B0A23E600D69EFF /* AddressBookItemFormViewController.m */,
			);
			name = ViewControllers;
			sourceTree = "<group>";
		};
		A011EE031B07B6EA00D69EFF /* Cells */ = {
			isa = PBXGroup;
			children = (
				A011EE041B07B70A00D69EFF /* AddressBookCollectionViewCell.h */,
				A011EE051B07B70A00D69EFF /* AddressBookCollectionViewCell.m */,
			);
			name = Cells;
			sourceTree = "<group>";
		};
		A011EE071B0A221700D69EFF /* Third-Party */ = {
			isa = PBXGroup;
			children = (
				A011EE0B1B0A222700D69EFF /* FXForms */,
			);
			name = "Third-Party";
			sourceTree = "<group>";
		};
		A011EE0B1B0A222700D69EFF /* FXForms */ = {
			isa = PBXGroup;
			children = (
				A011EE081B0A222400D69EFF /* FXForms.h */,
				A011EE091B0A222400D69EFF /* FXForms.m */,
			);
			name = FXForms;
			sourceTree = "<group>";
		};
		A011EE0C1B0A224700D69EFF /* Forms */ = {
			isa = PBXGroup;
			children = (
				A011EE0D1B0A227F00D69EFF /* AddressBookItemForm.h */,
				A011EE0E1B0A227F00D69EFF /* AddressBookItemForm.m */,
			);
			name = Forms;
			sourceTree = "<group>";
		};
		A011EE131B0A38A700D69EFF /* Blindside */ = {
			isa = PBXGroup;
			children = (
				A011EE431B0A3C8200D69EFF /* Storyboard */,
				A011EE291B0A38CD00D69EFF /* Source */,
				A011EE141B0A38C700D69EFF /* Headers */,
				A011EE401B0A395100D69EFF /* AddressBookModule.h */,
				A011EE411B0A395100D69EFF /* AddressBookModule.m */,
			);
			name = Blindside;
			sourceTree = "<group>";
		};
		A011EE141B0A38C700D69EFF /* Headers */ = {
			isa = PBXGroup;
			children = (
				A011EE151B0A38C700D69EFF /* Blindside.h */,
				A011EE161B0A38C700D69EFF /* BSBinder.h */,
				A011EE171B0A38C700D69EFF /* BSBlockProvider.h */,
				A011EE181B0A38C700D69EFF /* BSClassProvider.h */,
				A011EE191B0A38C700D69EFF /* BSInitializer.h */,
				A011EE1A1B0A38C700D69EFF /* BSInitializerProvider.h */,
				A011EE1B1B0A38C700D69EFF /* BSInjector.h */,
				A011EE1C1B0A38C700D69EFF /* BSInjectorImpl.h */,
				A011EE1D1B0A38C700D69EFF /* BSInstanceProvider.h */,
				A011EE1E1B0A38C700D69EFF /* BSModule.h */,
				A011EE1F1B0A38C700D69EFF /* BSNull.h */,
				A011EE201B0A38C700D69EFF /* BSProperty.h */,
				A011EE211B0A38C700D69EFF /* BSPropertySet.h */,
				A011EE221B0A38C700D69EFF /* BSProvider.h */,
				A011EE231B0A38C700D69EFF /* BSScope.h */,
				A011EE241B0A38C700D69EFF /* BSSingleton.h */,
				A011EE251B0A38C700D69EFF /* Header.h */,
				A011EE261B0A38C700D69EFF /* NSObject+Blindside.h */,
				A011EE271B0A38C700D69EFF /* NSObject+Blindside.m */,
			);
			path = Headers;
			sourceTree = "<group>";
		};
		A011EE291B0A38CD00D69EFF /* Source */ = {
			isa = PBXGroup;
			children = (
				A011EE2A1B0A38CD00D69EFF /* Blindside.m */,
				A011EE2B1B0A38CD00D69EFF /* BSBlockProvider.m */,
				A011EE2C1B0A38CD00D69EFF /* BSClassProvider.m */,
				A011EE2D1B0A38CD00D69EFF /* BSInitializer.m */,
				A011EE2E1B0A38CD00D69EFF /* BSInitializerProvider.m */,
				A011EE2F1B0A38CD00D69EFF /* BSInjectorImpl.m */,
				A011EE301B0A38CD00D69EFF /* BSInstanceProvider.m */,
				A011EE311B0A38CD00D69EFF /* BSNull.m */,
				A011EE321B0A38CD00D69EFF /* BSProperty.m */,
				A011EE331B0A38CD00D69EFF /* BSPropertySet.m */,
				A011EE341B0A38CD00D69EFF /* BSSingleton.m */,
			);
			path = Source;
			sourceTree = "<group>";
		};
		A011EE431B0A3C8200D69EFF /* Storyboard */ = {
			isa = PBXGroup;
			children = (
				A011EE441B0A3CA300D69EFF /* BlindsidedStoryboard.h */,
				A011EE451B0A3CA400D69EFF /* BlindsidedStoryboard.m */,
			);
			name = Storyboard;
			sourceTree = "<group>";
		};
		A0423F351B0AA959007C88D7 /* Parsers */ = {
			isa = PBXGroup;
			children = (
				A0423F361B0AA96B007C88D7 /* PersonParser.h */,
				A0423F371B0AA96B007C88D7 /* PersonParser.m */,
			);
			name = Parsers;
			sourceTree = "<group>";
		};
		A0423F391B0AAC87007C88D7 /* Fixtures */ = {
			isa = PBXGroup;
			children = (
				A0423F3A1B0AACA8007C88D7 /* sampleUser.json */,
				A0423F431B0AB0D3007C88D7 /* sampleUserError.json */,
			);
			name = Fixtures;
			sourceTree = "<group>";
		};
		A0423F451B0AB731007C88D7 /* Services */ = {
			isa = PBXGroup;
			children = (
				A0423F2B1B0A41FC007C88D7 /* FetchPersonServiceSpec.mm */,
			);
			name = Services;
			sourceTree = "<group>";
		};
		A0423F461B0AB73B007C88D7 /* ViewControllers */ = {
			isa = PBXGroup;
			children = (
				A0423F2F1B0A478A007C88D7 /* AddressBookViewControllerSpec.mm */,
			);
			name = ViewControllers;
			sourceTree = "<group>";
		};
		A0423F471B0AB74B007C88D7 /* Parsers */ = {
			isa = PBXGroup;
			children = (
				A0423F481B0AB766007C88D7 /* PersonParserSpec.mm */,
			);
			name = Parsers;
			sourceTree = "<group>";
		};
		A0423F521B0ABE59007C88D7 /* Helpers */ = {
			isa = PBXGroup;
			children = (
				A0423F401B0AAD32007C88D7 /* TestUtility.h */,
				A0423F411B0AAD32007C88D7 /* TestUtility.m */,
				A0423F531B0ABE8F007C88D7 /* TestManagedObjectContext.h */,
				A0423F541B0ABE8F007C88D7 /* TestManagedObjectContext.m */,
			);
			name = Helpers;
			sourceTree = "<group>";
		};
		A0DD2EBC1B0786CE00289FBB = {
			isa = PBXGroup;
			children = (
				A0DD2EC71B0786CE00289FBB /* AddressBookSample */,
				A0DD2EE41B0786CE00289FBB /* AddressBookSampleTests */,
				A0DD2EC61B0786CE00289FBB /* Products */,
				8A8EEF35B29EBA56A7FA9170 /* Pods */,
				47F485BE6884A007500C76BE /* Frameworks */,
			);
			sourceTree = "<group>";
		};
		A0DD2EC61B0786CE00289FBB /* Products */ = {
			isa = PBXGroup;
			children = (
				A0DD2EC51B0786CE00289FBB /* AddressBookSample.app */,
				A0DD2EE11B0786CE00289FBB /* AddressBookSampleTests.xctest */,
			);
			name = Products;
			sourceTree = "<group>";
		};
		A0DD2EC71B0786CE00289FBB /* AddressBookSample */ = {
			isa = PBXGroup;
			children = (
				A0423F351B0AA959007C88D7 /* Parsers */,
				A011EE131B0A38A700D69EFF /* Blindside */,
				A011EE0C1B0A224700D69EFF /* Forms */,
				A011EE071B0A221700D69EFF /* Third-Party */,
				A011EDF81B07AF0300D69EFF /* Providers */,
				A0DD2EF51B07900E00289FBB /* Models */,
				A0DD2EF11B078FE800289FBB /* Services */,
				A011EE031B07B6EA00D69EFF /* Cells */,
				A011EDFC1B07B41200D69EFF /* ViewControllers */,
				A0DD2ECC1B0786CE00289FBB /* AppDelegate.h */,
				A0DD2ECD1B0786CE00289FBB /* AppDelegate.m */,
				A0DD2ED51B0786CE00289FBB /* Main.storyboard */,
				A0DD2ED81B0786CE00289FBB /* Images.xcassets */,
				A0DD2EDA1B0786CE00289FBB /* LaunchScreen.xib */,
				A0DD2ECF1B0786CE00289FBB /* AddressBookSample.xcdatamodeld */,
				A0DD2EC81B0786CE00289FBB /* Supporting Files */,
			);
			path = AddressBookSample;
			sourceTree = "<group>";
		};
		A0DD2EC81B0786CE00289FBB /* Supporting Files */ = {
			isa = PBXGroup;
			children = (
				A0DD2EC91B0786CE00289FBB /* Info.plist */,
				A0DD2ECA1B0786CE00289FBB /* main.m */,
			);
			name = "Supporting Files";
			sourceTree = "<group>";
		};
		A0DD2EE41B0786CE00289FBB /* AddressBookSampleTests */ = {
			isa = PBXGroup;
			children = (
				A0423F521B0ABE59007C88D7 /* Helpers */,
				A0423F471B0AB74B007C88D7 /* Parsers */,
				A0423F461B0AB73B007C88D7 /* ViewControllers */,
				A0423F451B0AB731007C88D7 /* Services */,
				A0423F391B0AAC87007C88D7 /* Fixtures */,
				A0DD2EE51B0786CE00289FBB /* Supporting Files */,
			);
			path = AddressBookSampleTests;
			sourceTree = "<group>";
		};
		A0DD2EE51B0786CE00289FBB /* Supporting Files */ = {
			isa = PBXGroup;
			children = (
				A0DD2EE61B0786CE00289FBB /* Info.plist */,
			);
			name = "Supporting Files";
			sourceTree = "<group>";
		};
		A0DD2EF11B078FE800289FBB /* Services */ = {
			isa = PBXGroup;
			children = (
				A0DD2EF21B07900500289FBB /* FetchPersonService.h */,
				A0DD2EF31B07900500289FBB /* FetchPersonService.m */,
			);
			name = Services;
			sourceTree = "<group>";
		};
		A0DD2EF51B07900E00289FBB /* Models */ = {
			isa = PBXGroup;
			children = (
				A0DD2EFC1B07979D00289FBB /* Person.h */,
				A0DD2EFD1B07979D00289FBB /* Person.m */,
			);
			name = Models;
			sourceTree = "<group>";
		};
/* End PBXGroup section */

/* Begin PBXNativeTarget section */
		A0DD2EC41B0786CE00289FBB /* AddressBookSample */ = {
			isa = PBXNativeTarget;
			buildConfigurationList = A0DD2EEB1B0786CE00289FBB /* Build configuration list for PBXNativeTarget "AddressBookSample" */;
			buildPhases = (
				D9C58609A4EBDAEF1E91C881 /* Check Pods Manifest.lock */,
				A0DD2EC11B0786CE00289FBB /* Sources */,
				A0DD2EC21B0786CE00289FBB /* Frameworks */,
				A0DD2EC31B0786CE00289FBB /* Resources */,
				CAD64D92788A48FF8A39E289 /* Copy Pods Resources */,
			);
			buildRules = (
			);
			dependencies = (
			);
			name = AddressBookSample;
			productName = AddressBookSample;
			productReference = A0DD2EC51B0786CE00289FBB /* AddressBookSample.app */;
			productType = "com.apple.product-type.application";
		};
		A0DD2EE01B0786CE00289FBB /* AddressBookSampleTests */ = {
			isa = PBXNativeTarget;
			buildConfigurationList = A0DD2EEE1B0786CE00289FBB /* Build configuration list for PBXNativeTarget "AddressBookSampleTests" */;
			buildPhases = (
				DF8EB8AF0DDE600E0EF5B820 /* Check Pods Manifest.lock */,
				A0DD2EDD1B0786CE00289FBB /* Sources */,
				A0DD2EDE1B0786CE00289FBB /* Frameworks */,
				A0DD2EDF1B0786CE00289FBB /* Resources */,
				F910854DB195F58D7F3DD03D /* Copy Pods Resources */,
			);
			buildRules = (
			);
			dependencies = (
				A0DD2EE31B0786CE00289FBB /* PBXTargetDependency */,
			);
			name = AddressBookSampleTests;
			productName = AddressBookSampleTests;
			productReference = A0DD2EE11B0786CE00289FBB /* AddressBookSampleTests.xctest */;
			productType = "com.apple.product-type.bundle.unit-test";
		};
/* End PBXNativeTarget section */

/* Begin PBXProject section */
		A0DD2EBD1B0786CE00289FBB /* Project object */ = {
			isa = PBXProject;
			attributes = {
				LastUpgradeCheck = 0620;
				ORGANIZATIONNAME = "Fahad Muntaz";
				TargetAttributes = {
					A0DD2EC41B0786CE00289FBB = {
						CreatedOnToolsVersion = 6.2;
					};
					A0DD2EE01B0786CE00289FBB = {
						CreatedOnToolsVersion = 6.2;
						TestTargetID = A0DD2EC41B0786CE00289FBB;
					};
				};
			};
			buildConfigurationList = A0DD2EC01B0786CE00289FBB /* Build configuration list for PBXProject "AddressBookSample" */;
			compatibilityVersion = "Xcode 3.2";
			developmentRegion = English;
			hasScannedForEncodings = 0;
			knownRegions = (
				en,
				Base,
			);
			mainGroup = A0DD2EBC1B0786CE00289FBB;
			productRefGroup = A0DD2EC61B0786CE00289FBB /* Products */;
			projectDirPath = "";
			projectRoot = "";
			targets = (
				A0DD2EC41B0786CE00289FBB /* AddressBookSample */,
				A0DD2EE01B0786CE00289FBB /* AddressBookSampleTests */,
			);
		};
/* End PBXProject section */

/* Begin PBXResourcesBuildPhase section */
		A0DD2EC31B0786CE00289FBB /* Resources */ = {
			isa = PBXResourcesBuildPhase;
			buildActionMask = 2147483647;
			files = (
				A0DD2ED71B0786CE00289FBB /* Main.storyboard in Resources */,
				A0DD2EDC1B0786CE00289FBB /* LaunchScreen.xib in Resources */,
				A0DD2ED91B0786CE00289FBB /* Images.xcassets in Resources */,
			);
			runOnlyForDeploymentPostprocessing = 0;
		};
		A0DD2EDF1B0786CE00289FBB /* Resources */ = {
			isa = PBXResourcesBuildPhase;
			buildActionMask = 2147483647;
			files = (
				A0423F3B1B0AACA8007C88D7 /* sampleUser.json in Resources */,
				A0423F441B0AB0D3007C88D7 /* sampleUserError.json in Resources */,
			);
			runOnlyForDeploymentPostprocessing = 0;
		};
/* End PBXResourcesBuildPhase section */

/* Begin PBXShellScriptBuildPhase section */
		CAD64D92788A48FF8A39E289 /* Copy Pods Resources */ = {
			isa = PBXShellScriptBuildPhase;
			buildActionMask = 2147483647;
			files = (
			);
			inputPaths = (
			);
			name = "Copy Pods Resources";
			outputPaths = (
			);
			runOnlyForDeploymentPostprocessing = 0;
			shellPath = /bin/sh;
			shellScript = "\"${SRCROOT}/Pods/Target Support Files/Pods/Pods-resources.sh\"\n";
			showEnvVarsInLog = 0;
		};
		D9C58609A4EBDAEF1E91C881 /* Check Pods Manifest.lock */ = {
			isa = PBXShellScriptBuildPhase;
			buildActionMask = 2147483647;
			files = (
			);
			inputPaths = (
			);
			name = "Check Pods Manifest.lock";
			outputPaths = (
			);
			runOnlyForDeploymentPostprocessing = 0;
			shellPath = /bin/sh;
			shellScript = "diff \"${PODS_ROOT}/../Podfile.lock\" \"${PODS_ROOT}/Manifest.lock\" > /dev/null\nif [[ $? != 0 ]] ; then\n    cat << EOM\nerror: The sandbox is not in sync with the Podfile.lock. Run 'pod install' or update your CocoaPods installation.\nEOM\n    exit 1\nfi\n";
			showEnvVarsInLog = 0;
		};
		DF8EB8AF0DDE600E0EF5B820 /* Check Pods Manifest.lock */ = {
			isa = PBXShellScriptBuildPhase;
			buildActionMask = 2147483647;
			files = (
			);
			inputPaths = (
			);
			name = "Check Pods Manifest.lock";
			outputPaths = (
			);
			runOnlyForDeploymentPostprocessing = 0;
			shellPath = /bin/sh;
			shellScript = "diff \"${PODS_ROOT}/../Podfile.lock\" \"${PODS_ROOT}/Manifest.lock\" > /dev/null\nif [[ $? != 0 ]] ; then\n    cat << EOM\nerror: The sandbox is not in sync with the Podfile.lock. Run 'pod install' or update your CocoaPods installation.\nEOM\n    exit 1\nfi\n";
			showEnvVarsInLog = 0;
		};
		F910854DB195F58D7F3DD03D /* Copy Pods Resources */ = {
			isa = PBXShellScriptBuildPhase;
			buildActionMask = 2147483647;
			files = (
			);
			inputPaths = (
			);
			name = "Copy Pods Resources";
			outputPaths = (
			);
			runOnlyForDeploymentPostprocessing = 0;
			shellPath = /bin/sh;
			shellScript = "\"${SRCROOT}/Pods/Target Support Files/Pods-AddressBookSampleTests/Pods-AddressBookSampleTests-resources.sh\"\n";
			showEnvVarsInLog = 0;
		};
/* End PBXShellScriptBuildPhase section */

/* Begin PBXSourcesBuildPhase section */
		A0DD2EC11B0786CE00289FBB /* Sources */ = {
			isa = PBXSourcesBuildPhase;
			buildActionMask = 2147483647;
			files = (
				A011EE281B0A38C700D69EFF /* NSObject+Blindside.m in Sources */,
				A011EE361B0A38CD00D69EFF /* BSBlockProvider.m in Sources */,
				A0DD2EFE1B07979D00289FBB /* Person.m in Sources */,
				A011EE3C1B0A38CD00D69EFF /* BSNull.m in Sources */,
				A011EE381B0A38CD00D69EFF /* BSInitializer.m in Sources */,
				A011EE3A1B0A38CD00D69EFF /* BSInjectorImpl.m in Sources */,
				A011EE0A1B0A222400D69EFF /* FXForms.m in Sources */,
				A011EE0F1B0A227F00D69EFF /* AddressBookItemForm.m in Sources */,
				A011EE391B0A38CD00D69EFF /* BSInitializerProvider.m in Sources */,
				A011EE461B0A3CA400D69EFF /* BlindsidedStoryboard.m in Sources */,
				A011EDFB1B07AF1C00D69EFF /* NSURLConnectionProvider.m in Sources */,
				A011EE121B0A23E600D69EFF /* AddressBookItemFormViewController.m in Sources */,
				A011EE3D1B0A38CD00D69EFF /* BSProperty.m in Sources */,
				A011EE3B1B0A38CD00D69EFF /* BSInstanceProvider.m in Sources */,
				A011EE421B0A395100D69EFF /* AddressBookModule.m in Sources */,
				A011EE061B07B70A00D69EFF /* AddressBookCollectionViewCell.m in Sources */,
				A0DD2ECE1B0786CE00289FBB /* AppDelegate.m in Sources */,
				A0DD2EF41B07900500289FBB /* FetchPersonService.m in Sources */,
				A011EE3F1B0A38CD00D69EFF /* BSSingleton.m in Sources */,
				A0DD2ED11B0786CE00289FBB /* AddressBookSample.xcdatamodeld in Sources */,
				A011EE371B0A38CD00D69EFF /* BSClassProvider.m in Sources */,
				A0DD2ECB1B0786CE00289FBB /* main.m in Sources */,
				A011EDFF1B07B42F00D69EFF /* AddressBookViewController.m in Sources */,
				A011EE3E1B0A38CD00D69EFF /* BSPropertySet.m in Sources */,
				A011EE351B0A38CD00D69EFF /* Blindside.m in Sources */,
				A0423F381B0AA96B007C88D7 /* PersonParser.m in Sources */,
			);
			runOnlyForDeploymentPostprocessing = 0;
		};
		A0DD2EDD1B0786CE00289FBB /* Sources */ = {
			isa = PBXSourcesBuildPhase;
			buildActionMask = 2147483647;
			files = (
				A0423F421B0AAD32007C88D7 /* TestUtility.m in Sources */,
				A0423F301B0A478A007C88D7 /* AddressBookViewControllerSpec.mm in Sources */,
				A0423F491B0AB766007C88D7 /* PersonParserSpec.mm in Sources */,
				A0423F2C1B0A41FC007C88D7 /* FetchPersonServiceSpec.mm in Sources */,
				A0423F551B0ABE8F007C88D7 /* TestManagedObjectContext.m in Sources */,
			);
			runOnlyForDeploymentPostprocessing = 0;
		};
/* End PBXSourcesBuildPhase section */

/* Begin PBXTargetDependency section */
		A0DD2EE31B0786CE00289FBB /* PBXTargetDependency */ = {
			isa = PBXTargetDependency;
			target = A0DD2EC41B0786CE00289FBB /* AddressBookSample */;
			targetProxy = A0DD2EE21B0786CE00289FBB /* PBXContainerItemProxy */;
		};
/* End PBXTargetDependency section */

/* Begin PBXVariantGroup section */
		A0DD2ED51B0786CE00289FBB /* Main.storyboard */ = {
			isa = PBXVariantGroup;
			children = (
				A0DD2ED61B0786CE00289FBB /* Base */,
			);
			name = Main.storyboard;
			sourceTree = "<group>";
		};
		A0DD2EDA1B0786CE00289FBB /* LaunchScreen.xib */ = {
			isa = PBXVariantGroup;
			children = (
				A0DD2EDB1B0786CE00289FBB /* Base */,
			);
			name = LaunchScreen.xib;
			sourceTree = "<group>";
		};
/* End PBXVariantGroup section */

/* Begin XCBuildConfiguration section */
		A0DD2EE91B0786CE00289FBB /* Debug */ = {
			isa = XCBuildConfiguration;
			buildSettings = {
				ALWAYS_SEARCH_USER_PATHS = NO;
				CLANG_CXX_LANGUAGE_STANDARD = "gnu++0x";
				CLANG_CXX_LIBRARY = "libc++";
				CLANG_ENABLE_MODULES = YES;
				CLANG_ENABLE_OBJC_ARC = YES;
				CLANG_WARN_BOOL_CONVERSION = YES;
				CLANG_WARN_CONSTANT_CONVERSION = YES;
				CLANG_WARN_DIRECT_OBJC_ISA_USAGE = YES_ERROR;
				CLANG_WARN_EMPTY_BODY = YES;
				CLANG_WARN_ENUM_CONVERSION = YES;
				CLANG_WARN_INT_CONVERSION = YES;
				CLANG_WARN_OBJC_ROOT_CLASS = YES_ERROR;
				CLANG_WARN_UNREACHABLE_CODE = YES;
				CLANG_WARN__DUPLICATE_METHOD_MATCH = YES;
				"CODE_SIGN_IDENTITY[sdk=iphoneos*]" = "iPhone Developer";
				COPY_PHASE_STRIP = NO;
				ENABLE_STRICT_OBJC_MSGSEND = YES;
				GCC_C_LANGUAGE_STANDARD = gnu99;
				GCC_DYNAMIC_NO_PIC = NO;
				GCC_OPTIMIZATION_LEVEL = 0;
				GCC_PREPROCESSOR_DEFINITIONS = (
					"DEBUG=1",
					"$(inherited)",
				);
				GCC_SYMBOLS_PRIVATE_EXTERN = NO;
				GCC_WARN_64_TO_32_BIT_CONVERSION = YES;
				GCC_WARN_ABOUT_RETURN_TYPE = YES_ERROR;
				GCC_WARN_UNDECLARED_SELECTOR = YES;
				GCC_WARN_UNINITIALIZED_AUTOS = YES_AGGRESSIVE;
				GCC_WARN_UNUSED_FUNCTION = YES;
				GCC_WARN_UNUSED_VARIABLE = YES;
				IPHONEOS_DEPLOYMENT_TARGET = 8.2;
				MTL_ENABLE_DEBUG_INFO = YES;
				ONLY_ACTIVE_ARCH = YES;
				SDKROOT = iphoneos;
			};
			name = Debug;
		};
		A0DD2EEA1B0786CE00289FBB /* Release */ = {
			isa = XCBuildConfiguration;
			buildSettings = {
				ALWAYS_SEARCH_USER_PATHS = NO;
				CLANG_CXX_LANGUAGE_STANDARD = "gnu++0x";
				CLANG_CXX_LIBRARY = "libc++";
				CLANG_ENABLE_MODULES = YES;
				CLANG_ENABLE_OBJC_ARC = YES;
				CLANG_WARN_BOOL_CONVERSION = YES;
				CLANG_WARN_CONSTANT_CONVERSION = YES;
				CLANG_WARN_DIRECT_OBJC_ISA_USAGE = YES_ERROR;
				CLANG_WARN_EMPTY_BODY = YES;
				CLANG_WARN_ENUM_CONVERSION = YES;
				CLANG_WARN_INT_CONVERSION = YES;
				CLANG_WARN_OBJC_ROOT_CLASS = YES_ERROR;
				CLANG_WARN_UNREACHABLE_CODE = YES;
				CLANG_WARN__DUPLICATE_METHOD_MATCH = YES;
				"CODE_SIGN_IDENTITY[sdk=iphoneos*]" = "iPhone Developer";
				COPY_PHASE_STRIP = NO;
				ENABLE_NS_ASSERTIONS = NO;
				ENABLE_STRICT_OBJC_MSGSEND = YES;
				GCC_C_LANGUAGE_STANDARD = gnu99;
				GCC_WARN_64_TO_32_BIT_CONVERSION = YES;
				GCC_WARN_ABOUT_RETURN_TYPE = YES_ERROR;
				GCC_WARN_UNDECLARED_SELECTOR = YES;
				GCC_WARN_UNINITIALIZED_AUTOS = YES_AGGRESSIVE;
				GCC_WARN_UNUSED_FUNCTION = YES;
				GCC_WARN_UNUSED_VARIABLE = YES;
				IPHONEOS_DEPLOYMENT_TARGET = 8.2;
				MTL_ENABLE_DEBUG_INFO = NO;
				SDKROOT = iphoneos;
				VALIDATE_PRODUCT = YES;
			};
			name = Release;
		};
		A0DD2EEC1B0786CE00289FBB /* Debug */ = {
			isa = XCBuildConfiguration;
			baseConfigurationReference = 85398B25251A1729DEA644B3 /* Pods.debug.xcconfig */;
			buildSettings = {
				ASSETCATALOG_COMPILER_APPICON_NAME = AppIcon;
				INFOPLIST_FILE = AddressBookSample/Info.plist;
				LD_RUNPATH_SEARCH_PATHS = "$(inherited) @executable_path/Frameworks";
				PRODUCT_NAME = "$(TARGET_NAME)";
			};
			name = Debug;
		};
		A0DD2EED1B0786CE00289FBB /* Release */ = {
			isa = XCBuildConfiguration;
			baseConfigurationReference = 322C904BF6BBA8B8BB3F73AC /* Pods.release.xcconfig */;
			buildSettings = {
				ASSETCATALOG_COMPILER_APPICON_NAME = AppIcon;
				INFOPLIST_FILE = AddressBookSample/Info.plist;
				LD_RUNPATH_SEARCH_PATHS = "$(inherited) @executable_path/Frameworks";
				PRODUCT_NAME = "$(TARGET_NAME)";
			};
			name = Release;
		};
		A0DD2EEF1B0786CE00289FBB /* Debug */ = {
			isa = XCBuildConfiguration;
			baseConfigurationReference = 4572962402BF02DDEAA7FC33 /* Pods-AddressBookSampleTests.debug.xcconfig */;
			buildSettings = {
				BUNDLE_LOADER = "$(TEST_HOST)";
				FRAMEWORK_SEARCH_PATHS = (
					"$(SDKROOT)/Developer/Library/Frameworks",
					"$(inherited)",
				);
				GCC_PREPROCESSOR_DEFINITIONS = (
					"DEBUG=1",
					"$(inherited)",
				);
				INFOPLIST_FILE = AddressBookSampleTests/Info.plist;
				LD_RUNPATH_SEARCH_PATHS = "$(inherited) @executable_path/Frameworks @loader_path/Frameworks";
				PRODUCT_NAME = "$(TARGET_NAME)";
				TEST_HOST = "$(BUILT_PRODUCTS_DIR)/AddressBookSample.app/AddressBookSample";
			};
			name = Debug;
		};
		A0DD2EF01B0786CE00289FBB /* Release */ = {
			isa = XCBuildConfiguration;
			baseConfigurationReference = 788BB79498B2611933B47271 /* Pods-AddressBookSampleTests.release.xcconfig */;
			buildSettings = {
				BUNDLE_LOADER = "$(TEST_HOST)";
				FRAMEWORK_SEARCH_PATHS = (
					"$(SDKROOT)/Developer/Library/Frameworks",
					"$(inherited)",
				);
				INFOPLIST_FILE = AddressBookSampleTests/Info.plist;
				LD_RUNPATH_SEARCH_PATHS = "$(inherited) @executable_path/Frameworks @loader_path/Frameworks";
				PRODUCT_NAME = "$(TARGET_NAME)";
				TEST_HOST = "$(BUILT_PRODUCTS_DIR)/AddressBookSample.app/AddressBookSample";
			};
			name = Release;
		};
/* End XCBuildConfiguration section */

/* Begin XCConfigurationList section */
		A0DD2EC01B0786CE00289FBB /* Build configuration list for PBXProject "AddressBookSample" */ = {
			isa = XCConfigurationList;
			buildConfigurations = (
				A0DD2EE91B0786CE00289FBB /* Debug */,
				A0DD2EEA1B0786CE00289FBB /* Release */,
			);
			defaultConfigurationIsVisible = 0;
			defaultConfigurationName = Release;
		};
		A0DD2EEB1B0786CE00289FBB /* Build configuration list for PBXNativeTarget "AddressBookSample" */ = {
			isa = XCConfigurationList;
			buildConfigurations = (
				A0DD2EEC1B0786CE00289FBB /* Debug */,
				A0DD2EED1B0786CE00289FBB /* Release */,
			);
			defaultConfigurationIsVisible = 0;
			defaultConfigurationName = Release;
		};
		A0DD2EEE1B0786CE00289FBB /* Build configuration list for PBXNativeTarget "AddressBookSampleTests" */ = {
			isa = XCConfigurationList;
			buildConfigurations = (
				A0DD2EEF1B0786CE00289FBB /* Debug */,
				A0DD2EF01B0786CE00289FBB /* Release */,
			);
			defaultConfigurationIsVisible = 0;
			defaultConfigurationName = Release;
		};
/* End XCConfigurationList section */

/* Begin XCVersionGroup section */
		A0DD2ECF1B0786CE00289FBB /* AddressBookSample.xcdatamodeld */ = {
			isa = XCVersionGroup;
			children = (
				A0DD2ED01B0786CE00289FBB /* AddressBookSample.xcdatamodel */,
			);
			currentVersion = A0DD2ED01B0786CE00289FBB /* AddressBookSample.xcdatamodel */;
			path = AddressBookSample.xcdatamodeld;
			sourceTree = "<group>";
			versionGroupType = wrapper.xcdatamodel;
		};
/* End XCVersionGroup section */
	};
	rootObject = A0DD2EBD1B0786CE00289FBB /* Project object */;
}
